
Microsoft Visual Studio Solution File, Format Version 12.00
Project("{FAE04EC0-301F-11D3-BF4B-00C04F79EFBC}") = "COTL_Multiplayer", "COTL_Multiplayer\COTL_Multiplayer.csproj", "{7CC41EA1-8C86-440C-8FFC-D854F0F51EED}"
EndProject
Global
	GlobalSection(SolutionConfigurationPlatforms) = preSolution
		Debug|Any CPU = Debug|Any CPU
		Release|Any CPU = Release|Any CPU
	EndGlobalSection
	GlobalSection(ProjectConfigurationPlatforms) = postSolution
		{7CC41EA1-8C86-440C-8FFC-D854F0F51EED}.Debug|Any CPU.ActiveCfg = Debug|Any CPU
		{7CC41EA1-8C86-440C-8FFC-D854F0F51EED}.Debug|Any CPU.Build.0 = Debug|Any CPU
		{7CC41EA1-8C86-440C-8FFC-D854F0F51EED}.Release|Any CPU.ActiveCfg = Release|Any CPU
		{7CC41EA1-8C86-440C-8FFC-D854F0F51EED}.Release|Any CPU.Build.0 = Release|Any CPU
	EndGlobalSection
EndGlobal
